
Microsoft Visual Studio Solution File, Format Version 12.00
# Visual Studio Version 17
VisualStudioVersion = 17.12.35527.113
MinimumVisualStudioVersion = 10.0.40219.1
Project("{FAE04EC0-301F-11D3-BF4B-00C04F79EFBC}") = "TestJenkinsWithUnit", "TestJenkinsWithUnitTest\TestJenkinsWithUnit.csproj", "{AA787E82-74F4-4195-8936-F3F83A165478}"
EndProject
Project("{FAE04EC0-301F-11D3-BF4B-00C04F79EFBC}") = "TestJenkinsWithUnit.Tests", "TestJenkinsWithUnit.Tests\TestJenkinsWithUnit.Tests.csproj", "{8DD3F9F1-6720-4B05-83EA-0889BFAB8C80}"
EndProject
Global
	GlobalSection(SolutionConfigurationPlatforms) = preSolution
		Debug|Any CPU = Debug|Any CPU
		Release|Any CPU = Release|Any CPU
	EndGlobalSection
	GlobalSection(ProjectConfigurationPlatforms) = postSolution
		{AA787E82-74F4-4195-8936-F3F83A165478}.Debug|Any CPU.ActiveCfg = Debug|Any CPU
		{AA787E82-74F4-4195-8936-F3F83A165478}.Debug|Any CPU.Build.0 = Debug|Any CPU
		{AA787E82-74F4-4195-8936-F3F83A165478}.Release|Any CPU.ActiveCfg = Release|Any CPU
		{AA787E82-74F4-4195-8936-F3F83A165478}.Release|Any CPU.Build.0 = Release|Any CPU
		{8DD3F9F1-6720-4B05-83EA-0889BFAB8C80}.Debug|Any CPU.ActiveCfg = Debug|Any CPU
		{8DD3F9F1-6720-4B05-83EA-0889BFAB8C80}.Debug|Any CPU.Build.0 = Debug|Any CPU
		{8DD3F9F1-6720-4B05-83EA-0889BFAB8C80}.Release|Any CPU.ActiveCfg = Release|Any CPU
		{8DD3F9F1-6720-4B05-83EA-0889BFAB8C80}.Release|Any CPU.Build.0 = Release|Any CPU
	EndGlobalSection
	GlobalSection(SolutionProperties) = preSolution
		HideSolutionNode = FALSE
	EndGlobalSection
EndGlobal
